
Microsoft Visual Studio Solution File, Format Version 12.00
# Visual Studio Version 16
VisualStudioVersion = 16.0.28803.352
MinimumVisualStudioVersion = 10.0.40219.1
Project("{FAE04EC0-301F-11D3-BF4B-00C04F79EFBC}") = "vue-dotnet2.0", "vue-dotnet2.0\vue-dotnet2.0.csproj", "{548A3060-7C66-44BD-8A67-B25528027766}"
EndProject
Global
	GlobalSection(SolutionConfigurationPlatforms) = preSolution
		Debug|Any CPU = Debug|Any CPU
		Release|Any CPU = Release|Any CPU
	EndGlobalSection
	GlobalSection(ProjectConfigurationPlatforms) = postSolution
		{548A3060-7C66-44BD-8A67-B25528027766}.Debug|Any CPU.ActiveCfg = Debug|Any CPU
		{548A3060-7C66-44BD-8A67-B25528027766}.Debug|Any CPU.Build.0 = Debug|Any CPU
		{548A3060-7C66-44BD-8A67-B25528027766}.Release|Any CPU.ActiveCfg = Release|Any CPU
		{548A3060-7C66-44BD-8A67-B25528027766}.Release|Any CPU.Build.0 = Release|Any CPU
	EndGlobalSection
	GlobalSection(SolutionProperties) = preSolution
		HideSolutionNode = FALSE
	EndGlobalSection
	GlobalSection(ExtensibilityGlobals) = postSolution
		SolutionGuid = {CB785D65-6AC5-472E-97F7-A68ABEDF6461}
	EndGlobalSection
EndGlobal
