
Microsoft Visual Studio Solution File, Format Version 12.00
# Visual Studio Version 16
VisualStudioVersion = 16.0.28803.452
MinimumVisualStudioVersion = 10.0.40219.1
Project("{FAE04EC0-301F-11D3-BF4B-00C04F79EFBC}") = "vue-dotnet2.1", "vue-dotnet2.1\vue-dotnet2.1.csproj", "{DFE1C027-A4D9-490D-A9C1-7E15E856D31B}"
EndProject
Global
	GlobalSection(SolutionConfigurationPlatforms) = preSolution
		Debug|Any CPU = Debug|Any CPU
		Release|Any CPU = Release|Any CPU
	EndGlobalSection
	GlobalSection(ProjectConfigurationPlatforms) = postSolution
		{DFE1C027-A4D9-490D-A9C1-7E15E856D31B}.Debug|Any CPU.ActiveCfg = Debug|Any CPU
		{DFE1C027-A4D9-490D-A9C1-7E15E856D31B}.Debug|Any CPU.Build.0 = Debug|Any CPU
		{DFE1C027-A4D9-490D-A9C1-7E15E856D31B}.Release|Any CPU.ActiveCfg = Release|Any CPU
		{DFE1C027-A4D9-490D-A9C1-7E15E856D31B}.Release|Any CPU.Build.0 = Release|Any CPU
	EndGlobalSection
	GlobalSection(SolutionProperties) = preSolution
		HideSolutionNode = FALSE
	EndGlobalSection
	GlobalSection(ExtensibilityGlobals) = postSolution
		SolutionGuid = {ABAF2CC9-E272-483F-945C-86B0E6202CED}
	EndGlobalSection
EndGlobal
